<Solution>
  <Folder Name="/BuildingBlocks/">
    <Project Path="PizzaPulse.BuildingBlocks/PizzaPulse.BuildingBlocks.csproj" Id="02baa589-0bf2-45fe-89a9-8ab3253aa197" />
  </Folder>
  <Folder Name="/Services/" />
  <Folder Name="/Services/Delivery/">
    <Project Path="PizzaPulse.Delivery.Api/PizzaPulse.Delivery.Api.csproj" Id="bae6f060-a15d-42d1-b019-e10b4071dc2f" />
    <Project Path="PizzaPulse.Delivery.Application/PizzaPulse.Delivery.Application.csproj" Id="69d25957-2dfd-4c60-b5e1-c9ea3af524b1" />
    <Project Path="PizzaPulse.Delivery.Core/PizzaPulse.Delivery.Core.csproj" Id="964da14c-5da5-4a8b-bb91-26a4c5b36851" />
    <Project Path="PizzaPulse.Delivery.Infrastructure/PizzaPulse.Delivery.Infrastructure.csproj" Id="699233fa-3153-49f6-a805-e62d9619db05" />
  </Folder>
  <Folder Name="/Services/Kitchen/">
    <Project Path="PizzaPulse.Kitchen.Api/PizzaPulse.Kitchen.Api.csproj" Id="043ef269-ba51-4c38-9e8a-88d1520e5cf7" />
    <Project Path="PizzaPulse.Kitchen.Application/PizzaPulse.Kitchen.Application.csproj" Id="f45d4507-cb10-4ad8-85f9-ee6bd745673d" />
    <Project Path="PizzaPulse.Kitchen.Core/PizzaPulse.Kitchen.Core.csproj" Id="dfe4af41-25c3-4f10-ad04-171f8465cf33" />
    <Project Path="PizzaPulse.Kitchen.Infrastructure/PizzaPulse.Kitchen.Infrastructure.csproj" Id="7d4e4211-b649-4fe3-8ebd-9516e50e4b37" />
  </Folder>
  <Folder Name="/Services/Ordering/">
    <Project Path="PizzaPulse.Ordering.Api/PizzaPulse.Ordering.Api.csproj" Id="02a53c56-e23c-4290-a112-9e2c056f52d3" />
    <Project Path="PizzaPulse.Ordering.Application/PizzaPulse.Ordering.Application.csproj" Id="d0ec3350-8c40-4cf8-83b8-255d65072771" />
    <Project Path="PizzaPulse.Ordering.Core/PizzaPulse.Ordering.Core.csproj" Id="a17fcaec-e229-4f04-a060-cedd432f4104" />
    <Project Path="PizzaPulse.Ordering.Infrastructure/PizzaPulse.Ordering.Infrastructure.csproj" Id="a9f84bc6-5645-4489-be67-7643cb0930fe" />
  </Folder>
  <Folder Name="/UI/">
    <Project Path="PizzaPulse.WebUI/PizzaPulse.WebUI.csproj" Id="4d763d2b-f9b5-488d-b546-9ecfab1eaea7" />
  </Folder>
</Solution>
